
Microsoft Visual Studio Solution File, Format Version 12.00
# Visual Studio Version 17
VisualStudioVersion = 17.5.33414.496
MinimumVisualStudioVersion = 10.0.40219.1
Project("{FAE04EC0-301F-11D3-BF4B-00C04F79EFBC}") = "HRMS", "HRMS\HRMS.csproj", "{1A77CB29-4337-4FC6-83C0-958C2B598297}"
EndProject
Global
	GlobalSection(SolutionConfigurationPlatforms) = preSolution
		Debug|Any CPU = Debug|Any CPU
		Release|Any CPU = Release|Any CPU
	EndGlobalSection
	GlobalSection(ProjectConfigurationPlatforms) = postSolution
		{1A77CB29-4337-4FC6-83C0-958C2B598297}.Debug|Any CPU.ActiveCfg = Debug|Any CPU
		{1A77CB29-4337-4FC6-83C0-958C2B598297}.Debug|Any CPU.Build.0 = Debug|Any CPU
		{1A77CB29-4337-4FC6-83C0-958C2B598297}.Release|Any CPU.ActiveCfg = Release|Any CPU
		{1A77CB29-4337-4FC6-83C0-958C2B598297}.Release|Any CPU.Build.0 = Release|Any CPU
	EndGlobalSection
	GlobalSection(SolutionProperties) = preSolution
		HideSolutionNode = FALSE
	EndGlobalSection
	GlobalSection(ExtensibilityGlobals) = postSolution
		SolutionGuid = {E7F9D9E9-A1F7-46C7-A911-ED6654FD8CEC}
	EndGlobalSection
EndGlobal
